PODS:
  - ZXingObjC (3.6.5):
    - ZXingObjC/All (= 3.6.5)
  - ZXingObjC/All (3.6.5)

DEPENDENCIES:
  - ZXingObjC

SPEC REPOS:
  trunk:
    - ZXingObjC

SPEC CHECKSUMS:
  ZXingObjC: fdbb269f25dd2032da343e06f10224d62f537bdb

PODFILE CHECKSUM: 01e5dd29e4258bedec2e8c2bcc7330e08588691c

COCOAPODS: 1.10.1
