PODS:
  - ZXingObjC (3.6.4):
    - ZXingObjC/All (= 3.6.4)
  - ZXingObjC/All (3.6.4)

DEPENDENCIES:
  - ZXingObjC (from `https://github.com/TheLevelUp/ZXingObjC`)

EXTERNAL SOURCES:
  ZXingObjC:
    :git: https://github.com/TheLevelUp/ZXingObjC

CHECKOUT OPTIONS:
  ZXingObjC:
    :commit: cac61d5404b3ee75fca58433dd2ae825c631e4ee
    :git: https://github.com/TheLevelUp/ZXingObjC

SPEC CHECKSUMS:
  ZXingObjC: 512b34b9b6920e8ef0461a4159d0814c5e48c28a

PODFILE CHECKSUM: 235a522925cdbcf5cac12276650eb6c5a2c32b1c

COCOAPODS: 1.9.3
